// !$*UTF8*$!
{
	archiveVersion = 1;
	classes = {
	};
	objectVersion = 50;
	objects = {

/* Begin PBXBuildFile section */
		FB4E0436229372D8008876CD /* AppDelegate.swift in Sources */ = {isa = PBXBuildFile; fileRef = FB4E0435229372D8008876CD /* AppDelegate.swift */; };
		FB4E0438229372D8008876CD /* ViewController.swift in Sources */ = {isa = PBXBuildFile; fileRef = FB4E0437229372D8008876CD /* ViewController.swift */; };
		FB4E043B229372D8008876CD /* Main.storyboard in Resources */ = {isa = PBXBuildFile; fileRef = FB4E0439229372D8008876CD /* Main.storyboard */; };
		FB4E043D229372D9008876CD /* Assets.xcassets in Resources */ = {isa = PBXBuildFile; fileRef = FB4E043C229372D9008876CD /* Assets.xcassets */; };
		FB4E0440229372D9008876CD /* LaunchScreen.storyboard in Resources */ = {isa = PBXBuildFile; fileRef = FB4E043E229372D9008876CD /* LaunchScreen.storyboard */; };
		FB4E0448229375F5008876CD /* GameManager.swift in Sources */ = {isa = PBXBuildFile; fileRef = FB4E0447229375F5008876CD /* GameManager.swift */; };
		FB4E044F2294FFFD008876CD /* GameEvents.plist in Resources */ = {isa = PBXBuildFile; fileRef = FB4E044E2294FFFD008876CD /* GameEvents.plist */; };
		FB4E0453229508D2008876CD /* ProblemCollection.swift in Sources */ = {isa = PBXBuildFile; fileRef = FB4E0452229508D2008876CD /* ProblemCollection.swift */; };
		FB8BDED122A1C8D700B203BC /* ScoreController.swift in Sources */ = {isa = PBXBuildFile; fileRef = FB8BDED022A1C8D700B203BC /* ScoreController.swift */; };
		FB8BDED422A229EF00B203BC /* WebViewController.swift in Sources */ = {isa = PBXBuildFile; fileRef = FB8BDED322A229EF00B203BC /* WebViewController.swift */; };
		FB8BDED722A44C0100B203BC /* WebKit.framework in Frameworks */ = {isa = PBXBuildFile; fileRef = FB8BDED622A44C0100B203BC /* WebKit.framework */; };
/* End PBXBuildFile section */

/* Begin PBXFileReference section */
		FB4E0432229372D8008876CD /* ChronologicalOrderGame-TD-Project-3.app */ = {isa = PBXFileReference; explicitFileType = wrapper.application; includeInIndex = 0; path = "ChronologicalOrderGame-TD-Project-3.app"; sourceTree = BUILT_PRODUCTS_DIR; };
		FB4E0435229372D8008876CD /* AppDelegate.swift */ = {isa = PBXFileReference; lastKnownFileType = sourcecode.swift; path = AppDelegate.swift; sourceTree = "<group>"; };
		FB4E0437229372D8008876CD /* ViewController.swift */ = {isa = PBXFileReference; lastKnownFileType = sourcecode.swift; path = ViewController.swift; sourceTree = "<group>"; };
		FB4E043A229372D8008876CD /* Base */ = {isa = PBXFileReference; lastKnownFileType = file.storyboard; name = Base; path = Base.lproj/Main.storyboard; sourceTree = "<group>"; };
		FB4E043C229372D9008876CD /* Assets.xcassets */ = {isa = PBXFileReference; lastKnownFileType = folder.assetcatalog; path = Assets.xcassets; sourceTree = "<group>"; };
		FB4E043F229372D9008876CD /* Base */ = {isa = PBXFileReference; lastKnownFileType = file.storyboard; name = Base; path = Base.lproj/LaunchScreen.storyboard; sourceTree = "<group>"; };
		FB4E0441229372D9008876CD /* Info.plist */ = {isa = PBXFileReference; lastKnownFileType = text.plist.xml; path = Info.plist; sourceTree = "<group>"; };
		FB4E0447229375F5008876CD /* GameManager.swift */ = {isa = PBXFileReference; lastKnownFileType = sourcecode.swift; path = GameManager.swift; sourceTree = "<group>"; };
		FB4E044E2294FFFD008876CD /* GameEvents.plist */ = {isa = PBXFileReference; lastKnownFileType = text.plist.xml; path = GameEvents.plist; sourceTree = "<group>"; };
		FB4E0452229508D2008876CD /* ProblemCollection.swift */ = {isa = PBXFileReference; lastKnownFileType = sourcecode.swift; path = ProblemCollection.swift; sourceTree = "<group>"; };
		FB8BDED022A1C8D700B203BC /* ScoreController.swift */ = {isa = PBXFileReference; lastKnownFileType = sourcecode.swift; path = ScoreController.swift; sourceTree = "<group>"; };
		FB8BDED322A229EF00B203BC /* WebViewController.swift */ = {isa = PBXFileReference; lastKnownFileType = sourcecode.swift; path = WebViewController.swift; sourceTree = "<group>"; };
		FB8BDED622A44C0100B203BC /* WebKit.framework */ = {isa = PBXFileReference; lastKnownFileType = wrapper.framework; name = WebKit.framework; path = System/Library/Frameworks/WebKit.framework; sourceTree = SDKROOT; };
/* End PBXFileReference section */

/* Begin PBXFrameworksBuildPhase section */
		FB4E042F229372D8008876CD /* Frameworks */ = {
			isa = PBXFrameworksBuildPhase;
			buildActionMask = 2147483647;
			files = (
				FB8BDED722A44C0100B203BC /* WebKit.framework in Frameworks */,
			);
			runOnlyForDeploymentPostprocessing = 0;
		};
/* End PBXFrameworksBuildPhase section */

/* Begin PBXGroup section */
		FB4E0429229372D8008876CD = {
			isa = PBXGroup;
			children = (
				FB4E0434229372D8008876CD /* ChronologicalOrderGame-TD-Project-3 */,
				FB4E0433229372D8008876CD /* Products */,
				FB8BDED522A44C0100B203BC /* Frameworks */,
			);
			sourceTree = "<group>";
		};
		FB4E0433229372D8008876CD /* Products */ = {
			isa = PBXGroup;
			children = (
				FB4E0432229372D8008876CD /* ChronologicalOrderGame-TD-Project-3.app */,
			);
			name = Products;
			sourceTree = "<group>";
		};
		FB4E0434229372D8008876CD /* ChronologicalOrderGame-TD-Project-3 */ = {
			isa = PBXGroup;
			children = (
				FB4E0435229372D8008876CD /* AppDelegate.swift */,
				FB8BDED222A1C8EC00B203BC /* ViewControllers */,
				FB4E0439229372D8008876CD /* Main.storyboard */,
				FB4E043C229372D9008876CD /* Assets.xcassets */,
				FB4E043E229372D9008876CD /* LaunchScreen.storyboard */,
				FB4E0441229372D9008876CD /* Info.plist */,
				FB4E0447229375F5008876CD /* GameManager.swift */,
				FB4E044D2294FF18008876CD /* Model */,
			);
			path = "ChronologicalOrderGame-TD-Project-3";
			sourceTree = "<group>";
		};
		FB4E044D2294FF18008876CD /* Model */ = {
			isa = PBXGroup;
			children = (
				FB4E0452229508D2008876CD /* ProblemCollection.swift */,
				FB4E044E2294FFFD008876CD /* GameEvents.plist */,
			);
			path = Model;
			sourceTree = "<group>";
		};
		FB8BDED222A1C8EC00B203BC /* ViewControllers */ = {
			isa = PBXGroup;
			children = (
				FB4E0437229372D8008876CD /* ViewController.swift */,
				FB8BDED022A1C8D700B203BC /* ScoreController.swift */,
				FB8BDED322A229EF00B203BC /* WebViewController.swift */,
			);
			path = ViewControllers;
			sourceTree = "<group>";
		};
		FB8BDED522A44C0100B203BC /* Frameworks */ = {
			isa = PBXGroup;
			children = (
				FB8BDED622A44C0100B203BC /* WebKit.framework */,
			);
			name = Frameworks;
			sourceTree = "<group>";
		};
/* End PBXGroup section */

/* Begin PBXNativeTarget section */
		FB4E0431229372D8008876CD /* ChronologicalOrderGame-TD-Project-3 */ = {
			isa = PBXNativeTarget;
			buildConfigurationList = FB4E0444229372D9008876CD /* Build configuration list for PBXNativeTarget "ChronologicalOrderGame-TD-Project-3" */;
			buildPhases = (
				FB4E042E229372D8008876CD /* Sources */,
				FB4E042F229372D8008876CD /* Frameworks */,
				FB4E0430229372D8008876CD /* Resources */,
			);
			buildRules = (
			);
			dependencies = (
			);
			name = "ChronologicalOrderGame-TD-Project-3";
			productName = "ChronologicalOrderGame-TD-Project-3";
			productReference = FB4E0432229372D8008876CD /* ChronologicalOrderGame-TD-Project-3.app */;
			productType = "com.apple.product-type.application";
		};
/* End PBXNativeTarget section */

/* Begin PBXProject section */
		FB4E042A229372D8008876CD /* Project object */ = {
			isa = PBXProject;
			attributes = {
				LastSwiftUpdateCheck = 1020;
				LastUpgradeCheck = 1020;
				ORGANIZATIONNAME = "Andrew Graves";
				TargetAttributes = {
					FB4E0431229372D8008876CD = {
						CreatedOnToolsVersion = 10.2.1;
					};
				};
			};
			buildConfigurationList = FB4E042D229372D8008876CD /* Build configuration list for PBXProject "ChronologicalOrderGame-TD-Project-3" */;
			compatibilityVersion = "Xcode 9.3";
			developmentRegion = en;
			hasScannedForEncodings = 0;
			knownRegions = (
				en,
				Base,
			);
			mainGroup = FB4E0429229372D8008876CD;
			productRefGroup = FB4E0433229372D8008876CD /* Products */;
			projectDirPath = "";
			projectRoot = "";
			targets = (
				FB4E0431229372D8008876CD /* ChronologicalOrderGame-TD-Project-3 */,
			);
		};
/* End PBXProject section */

/* Begin PBXResourcesBuildPhase section */
		FB4E0430229372D8008876CD /* Resources */ = {
			isa = PBXResourcesBuildPhase;
			buildActionMask = 2147483647;
			files = (
				FB4E0440229372D9008876CD /* LaunchScreen.storyboard in Resources */,
				FB4E044F2294FFFD008876CD /* GameEvents.plist in Resources */,
				FB4E043D229372D9008876CD /* Assets.xcassets in Resources */,
				FB4E043B229372D8008876CD /* Main.storyboard in Resources */,
			);
			runOnlyForDeploymentPostprocessing = 0;
		};
/* End PBXResourcesBuildPhase section */

/* Begin PBXSourcesBuildPhase section */
		FB4E042E229372D8008876CD /* Sources */ = {
			isa = PBXSourcesBuildPhase;
			buildActionMask = 2147483647;
			files = (
				FB8BDED122A1C8D700B203BC /* ScoreController.swift in Sources */,
				FB8BDED422A229EF00B203BC /* WebViewController.swift in Sources */,
				FB4E0438229372D8008876CD /* ViewController.swift in Sources */,
				FB4E0448229375F5008876CD /* GameManager.swift in Sources */,
				FB4E0453229508D2008876CD /* ProblemCollection.swift in Sources */,
				FB4E0436229372D8008876CD /* AppDelegate.swift in Sources */,
			);
			runOnlyForDeploymentPostprocessing = 0;
		};
/* End PBXSourcesBuildPhase section */

/* Begin PBXVariantGroup section */
		FB4E0439229372D8008876CD /* Main.storyboard */ = {
			isa = PBXVariantGroup;
			children = (
				FB4E043A229372D8008876CD /* Base */,
			);
			name = Main.storyboard;
			sourceTree = "<group>";
		};
		FB4E043E229372D9008876CD /* LaunchScreen.storyboard */ = {
			isa = PBXVariantGroup;
			children = (
				FB4E043F229372D9008876CD /* Base */,
			);
			name = LaunchScreen.storyboard;
			sourceTree = "<group>";
		};
/* End PBXVariantGroup section */

/* Begin XCBuildConfiguration section */
		FB4E0442229372D9008876CD /* Debug */ = {
			isa = XCBuildConfiguration;
			buildSettings = {
				ALWAYS_SEARCH_USER_PATHS = NO;
				CLANG_ANALYZER_NONNULL = YES;
				CLANG_ANALYZER_NUMBER_OBJECT_CONVERSION = YES_AGGRESSIVE;
				CLANG_CXX_LANGUAGE_STANDARD = "gnu++14";
				CLANG_CXX_LIBRARY = "libc++";
				CLANG_ENABLE_MODULES = YES;
				CLANG_ENABLE_OBJC_ARC = YES;
				CLANG_ENABLE_OBJC_WEAK = YES;
				CLANG_WARN_BLOCK_CAPTURE_AUTORELEASING = YES;
				CLANG_WARN_BOOL_CONVERSION = YES;
				CLANG_WARN_COMMA = YES;
				CLANG_WARN_CONSTANT_CONVERSION = YES;
				CLANG_WARN_DEPRECATED_OBJC_IMPLEMENTATIONS = YES;
				CLANG_WARN_DIRECT_OBJC_ISA_USAGE = YES_ERROR;
				CLANG_WARN_DOCUMENTATION_COMMENTS = YES;
				CLANG_WARN_EMPTY_BODY = YES;
				CLANG_WARN_ENUM_CONVERSION = YES;
				CLANG_WARN_INFINITE_RECURSION = YES;
				CLANG_WARN_INT_CONVERSION = YES;
				CLANG_WARN_NON_LITERAL_NULL_CONVERSION = YES;
				CLANG_WARN_OBJC_IMPLICIT_RETAIN_SELF = YES;
				CLANG_WARN_OBJC_LITERAL_CONVERSION = YES;
				CLANG_WARN_OBJC_ROOT_CLASS = YES_ERROR;
				CLANG_WARN_RANGE_LOOP_ANALYSIS = YES;
				CLANG_WARN_STRICT_PROTOTYPES = YES;
				CLANG_WARN_SUSPICIOUS_MOVE = YES;
				CLANG_WARN_UNGUARDED_AVAILABILITY = YES_AGGRESSIVE;
				CLANG_WARN_UNREACHABLE_CODE = YES;
				CLANG_WARN__DUPLICATE_METHOD_MATCH = YES;
				CODE_SIGN_IDENTITY = "iPhone Developer";
				COPY_PHASE_STRIP = NO;
				DEBUG_INFORMATION_FORMAT = dwarf;
				ENABLE_STRICT_OBJC_MSGSEND = YES;
				ENABLE_TESTABILITY = YES;
				GCC_C_LANGUAGE_STANDARD = gnu11;
				GCC_DYNAMIC_NO_PIC = NO;
				GCC_NO_COMMON_BLOCKS = YES;
				GCC_OPTIMIZATION_LEVEL = 0;
				GCC_PREPROCESSOR_DEFINITIONS = (
					"DEBUG=1",
					"$(inherited)",
				);
				GCC_WARN_64_TO_32_BIT_CONVERSION = YES;
				GCC_WARN_ABOUT_RETURN_TYPE = YES_ERROR;
				GCC_WARN_UNDECLARED_SELECTOR = YES;
				GCC_WARN_UNINITIALIZED_AUTOS = YES_AGGRESSIVE;
				GCC_WARN_UNUSED_FUNCTION = YES;
				GCC_WARN_UNUSED_VARIABLE = YES;
				IPHONEOS_DEPLOYMENT_TARGET = 12.2;
				MTL_ENABLE_DEBUG_INFO = INCLUDE_SOURCE;
				MTL_FAST_MATH = YES;
				ONLY_ACTIVE_ARCH = YES;
				SDKROOT = iphoneos;
				SWIFT_ACTIVE_COMPILATION_CONDITIONS = DEBUG;
				SWIFT_OPTIMIZATION_LEVEL = "-Onone";
			};
			name = Debug;
		};
		FB4E0443229372D9008876CD /* Release */ = {
			isa = XCBuildConfiguration;
			buildSettings = {
				ALWAYS_SEARCH_USER_PATHS = NO;
				CLANG_ANALYZER_NONNULL = YES;
				CLANG_ANALYZER_NUMBER_OBJECT_CONVERSION = YES_AGGRESSIVE;
				CLANG_CXX_LANGUAGE_STANDARD = "gnu++14";
				CLANG_CXX_LIBRARY = "libc++";
				CLANG_ENABLE_MODULES = YES;
				CLANG_ENABLE_OBJC_ARC = YES;
				CLANG_ENABLE_OBJC_WEAK = YES;
				CLANG_WARN_BLOCK_CAPTURE_AUTORELEASING = YES;
				CLANG_WARN_BOOL_CONVERSION = YES;
				CLANG_WARN_COMMA = YES;
				CLANG_WARN_CONSTANT_CONVERSION = YES;
				CLANG_WARN_DEPRECATED_OBJC_IMPLEMENTATIONS = YES;
				CLANG_WARN_DIRECT_OBJC_ISA_USAGE = YES_ERROR;
				CLANG_WARN_DOCUMENTATION_COMMENTS = YES;
				CLANG_WARN_EMPTY_BODY = YES;
				CLANG_WARN_ENUM_CONVERSION = YES;
				CLANG_WARN_INFINITE_RECURSION = YES;
				CLANG_WARN_INT_CONVERSION = YES;
				CLANG_WARN_NON_LITERAL_NULL_CONVERSION = YES;
				CLANG_WARN_OBJC_IMPLICIT_RETAIN_SELF = YES;
				CLANG_WARN_OBJC_LITERAL_CONVERSION = YES;
				CLANG_WARN_OBJC_ROOT_CLASS = YES_ERROR;
				CLANG_WARN_RANGE_LOOP_ANALYSIS = YES;
				CLANG_WARN_STRICT_PROTOTYPES = YES;
				CLANG_WARN_SUSPICIOUS_MOVE = YES;
				CLANG_WARN_UNGUARDED_AVAILABILITY = YES_AGGRESSIVE;
				CLANG_WARN_UNREACHABLE_CODE = YES;
				CLANG_WARN__DUPLICATE_METHOD_MATCH = YES;
				CODE_SIGN_IDENTITY = "iPhone Developer";
				COPY_PHASE_STRIP = NO;
				DEBUG_INFORMATION_FORMAT = "dwarf-with-dsym";
				ENABLE_NS_ASSERTIONS = NO;
				ENABLE_STRICT_OBJC_MSGSEND = YES;
				GCC_C_LANGUAGE_STANDARD = gnu11;
				GCC_NO_COMMON_BLOCKS = YES;
				GCC_WARN_64_TO_32_BIT_CONVERSION = YES;
				GCC_WARN_ABOUT_RETURN_TYPE = YES_ERROR;
				GCC_WARN_UNDECLARED_SELECTOR = YES;
				GCC_WARN_UNINITIALIZED_AUTOS = YES_AGGRESSIVE;
				GCC_WARN_UNUSED_FUNCTION = YES;
				GCC_WARN_UNUSED_VARIABLE = YES;
				IPHONEOS_DEPLOYMENT_TARGET = 12.2;
				MTL_ENABLE_DEBUG_INFO = NO;
				MTL_FAST_MATH = YES;
				SDKROOT = iphoneos;
				SWIFT_COMPILATION_MODE = wholemodule;
				SWIFT_OPTIMIZATION_LEVEL = "-O";
				VALIDATE_PRODUCT = YES;
			};
			name = Release;
		};
		FB4E0445229372D9008876CD /* Debug */ = {
			isa = XCBuildConfiguration;
			buildSettings = {
				ASSETCATALOG_COMPILER_APPICON_NAME = AppIcon;
				CODE_SIGN_STYLE = Automatic;
				DEVELOPMENT_TEAM = 7CJ2GPQHZ8;
				INFOPLIST_FILE = "ChronologicalOrderGame-TD-Project-3/Info.plist";
				LD_RUNPATH_SEARCH_PATHS = (
					"$(inherited)",
					"@executable_path/Frameworks",
				);
				PRODUCT_BUNDLE_IDENTIFIER = "com.andrewcgraves.ChronologicalOrderGame-TD-Project-3";
				PRODUCT_NAME = "$(TARGET_NAME)";
				SWIFT_VERSION = 5.0;
				TARGETED_DEVICE_FAMILY = "1,2";
			};
			name = Debug;
		};
		FB4E0446229372D9008876CD /* Release */ = {
			isa = XCBuildConfiguration;
			buildSettings = {
				ASSETCATALOG_COMPILER_APPICON_NAME = AppIcon;
				CODE_SIGN_STYLE = Automatic;
				DEVELOPMENT_TEAM = 7CJ2GPQHZ8;
				INFOPLIST_FILE = "ChronologicalOrderGame-TD-Project-3/Info.plist";
				LD_RUNPATH_SEARCH_PATHS = (
					"$(inherited)",
					"@executable_path/Frameworks",
				);
				PRODUCT_BUNDLE_IDENTIFIER = "com.andrewcgraves.ChronologicalOrderGame-TD-Project-3";
				PRODUCT_NAME = "$(TARGET_NAME)";
				SWIFT_VERSION = 5.0;
				TARGETED_DEVICE_FAMILY = "1,2";
			};
			name = Release;
		};
/* End XCBuildConfiguration section */

/* Begin XCConfigurationList section */
		FB4E042D229372D8008876CD /* Build configuration list for PBXProject "ChronologicalOrderGame-TD-Project-3" */ = {
			isa = XCConfigurationList;
			buildConfigurations = (
				FB4E0442229372D9008876CD /* Debug */,
				FB4E0443229372D9008876CD /* Release */,
			);
			defaultConfigurationIsVisible = 0;
			defaultConfigurationName = Release;
		};
		FB4E0444229372D9008876CD /* Build configuration list for PBXNativeTarget "ChronologicalOrderGame-TD-Project-3" */ = {
			isa = XCConfigurationList;
			buildConfigurations = (
				FB4E0445229372D9008876CD /* Debug */,
				FB4E0446229372D9008876CD /* Release */,
			);
			defaultConfigurationIsVisible = 0;
			defaultConfigurationName = Release;
		};
/* End XCConfigurationList section */
	};
	rootObject = FB4E042A229372D8008876CD /* Project object */;
}
